
Microsoft Visual Studio Solution File, Format Version 12.00
# Visual Studio Version 16
VisualStudioVersion = 16.0.30611.23
MinimumVisualStudioVersion = 10.0.40219.1
Project("{FAE04EC0-301F-11D3-BF4B-00C04F79EFBC}") = "VideoPlayerWPF", "VideoPlayerWPF\VideoPlayerWPF.csproj", "{493ED71C-FE83-4760-8943-B637CE695885}"
EndProject
Global
	GlobalSection(SolutionConfigurationPlatforms) = preSolution
		Debug|Any CPU = Debug|Any CPU
		Release|Any CPU = Release|Any CPU
	EndGlobalSection
	GlobalSection(ProjectConfigurationPlatforms) = postSolution
		{493ED71C-FE83-4760-8943-B637CE695885}.Debug|Any CPU.ActiveCfg = Debug|Any CPU
		{493ED71C-FE83-4760-8943-B637CE695885}.Debug|Any CPU.Build.0 = Debug|Any CPU
		{493ED71C-FE83-4760-8943-B637CE695885}.Release|Any CPU.ActiveCfg = Release|Any CPU
		{493ED71C-FE83-4760-8943-B637CE695885}.Release|Any CPU.Build.0 = Release|Any CPU
	EndGlobalSection
	GlobalSection(SolutionProperties) = preSolution
		HideSolutionNode = FALSE
	EndGlobalSection
	GlobalSection(ExtensibilityGlobals) = postSolution
		SolutionGuid = {CED99425-4B55-4F65-8F72-CD6A6378F953}
	EndGlobalSection
EndGlobal
